
Microsoft Visual Studio Solution File, Format Version 12.00
# Visual Studio 15
Project("{FAE04EC0-301F-11D3-BF4B-00C04F79EFBC}") = "Assembly-CSharp", "Assembly-CSharp.csproj", "{FCAF9891-BE80-D41A-5026-AE49274615AF}"
EndProject
Project("{FAE04EC0-301F-11D3-BF4B-00C04F79EFBC}") = "Assembly-CSharp-Editor", "Assembly-CSharp-Editor.csproj", "{B13A2CF3-99B9-8BD5-5EC1-139202433CAA}"
EndProject
Global
	GlobalSection(SolutionConfigurationPlatforms) = preSolution
		Debug|Any CPU = Debug|Any CPU
		Release|Any CPU = Release|Any CPU
	EndGlobalSection
	GlobalSection(ProjectConfigurationPlatforms) = postSolution
		{FCAF9891-BE80-D41A-5026-AE49274615AF}.Debug|Any CPU.ActiveCfg = Debug|Any CPU
		{FCAF9891-BE80-D41A-5026-AE49274615AF}.Debug|Any CPU.Build.0 = Debug|Any CPU
		{FCAF9891-BE80-D41A-5026-AE49274615AF}.Release|Any CPU.ActiveCfg = Release|Any CPU
		{FCAF9891-BE80-D41A-5026-AE49274615AF}.Release|Any CPU.Build.0 = Release|Any CPU
		{B13A2CF3-99B9-8BD5-5EC1-139202433CAA}.Debug|Any CPU.ActiveCfg = Debug|Any CPU
		{B13A2CF3-99B9-8BD5-5EC1-139202433CAA}.Debug|Any CPU.Build.0 = Debug|Any CPU
		{B13A2CF3-99B9-8BD5-5EC1-139202433CAA}.Release|Any CPU.ActiveCfg = Release|Any CPU
		{B13A2CF3-99B9-8BD5-5EC1-139202433CAA}.Release|Any CPU.Build.0 = Release|Any CPU
	EndGlobalSection
	GlobalSection(SolutionProperties) = preSolution
		HideSolutionNode = FALSE
	EndGlobalSection
EndGlobal
